
Microsoft Visual Studio Solution File, Format Version 11.00
# Visual Studio 2010
Project("{FAE04EC0-301F-11D3-BF4B-00C04F79EFBC}") = "Project_Chapter3", "Assembly-CSharp.csproj", "{DC34D4E9-BA77-3A9D-F81E-7ED4BAFDBD90}"
EndProject
Project("{FAE04EC0-301F-11D3-BF4B-00C04F79EFBC}") = "Project_Chapter3", "Assembly-CSharp-Editor.csproj", "{E7B10533-5533-BB35-79F3-17008C0870C4}"
EndProject
Global
	GlobalSection(SolutionConfigurationPlatforms) = preSolution
		Debug|Any CPU = Debug|Any CPU
		Release|Any CPU = Release|Any CPU
	EndGlobalSection
	GlobalSection(ProjectConfigurationPlatforms) = postSolution
		{DC34D4E9-BA77-3A9D-F81E-7ED4BAFDBD90}.Debug|Any CPU.ActiveCfg = Debug|Any CPU
		{DC34D4E9-BA77-3A9D-F81E-7ED4BAFDBD90}.Debug|Any CPU.Build.0 = Debug|Any CPU
		{DC34D4E9-BA77-3A9D-F81E-7ED4BAFDBD90}.Release|Any CPU.ActiveCfg = Release|Any CPU
		{DC34D4E9-BA77-3A9D-F81E-7ED4BAFDBD90}.Release|Any CPU.Build.0 = Release|Any CPU
		{E7B10533-5533-BB35-79F3-17008C0870C4}.Debug|Any CPU.ActiveCfg = Debug|Any CPU
		{E7B10533-5533-BB35-79F3-17008C0870C4}.Debug|Any CPU.Build.0 = Debug|Any CPU
		{E7B10533-5533-BB35-79F3-17008C0870C4}.Release|Any CPU.ActiveCfg = Release|Any CPU
		{E7B10533-5533-BB35-79F3-17008C0870C4}.Release|Any CPU.Build.0 = Release|Any CPU
	EndGlobalSection
	GlobalSection(SolutionProperties) = preSolution
		HideSolutionNode = FALSE
	EndGlobalSection
	GlobalSection(MonoDevelopProperties) = preSolution
		StartupItem = Assembly-CSharp.csproj
	EndGlobalSection
EndGlobal
